# This file was autogenerated by Stack.
# You should not edit this file by hand.
# For more information, please see the documentation at:
#   https://docs.haskellstack.org/en/stable/lock_files

packages:
- completed:
    commit: 7a4f713980891f0a5fc98992a36fb3dcbc9e8777
    git: https://github.com/codedownio/beam.git
    name: beam-core
    pantry-tree:
      sha256: 96015de43e6e15658986d19105d36f01c9c46dd17ad8babac50f6e7d3f1fb597
      size: 2705
    subdir: beam-core
    version: 0.10.1.0
  original:
    commit: 7a4f713980891f0a5fc98992a36fb3dcbc9e8777
    git: https://github.com/codedownio/beam.git
    subdir: beam-core
- completed:
    commit: 7a4f713980891f0a5fc98992a36fb3dcbc9e8777
    git: https://github.com/codedownio/beam.git
    name: beam-migrate
    pantry-tree:
      sha256: dd6207f04923b681ce1ec25df5a48fdeca6a7aeb5008fbe4676cc8954b966be7
      size: 1826
    subdir: beam-migrate
    version: 0.5.2.1
  original:
    commit: 7a4f713980891f0a5fc98992a36fb3dcbc9e8777
    git: https://github.com/codedownio/beam.git
    subdir: beam-migrate
- completed:
    commit: 7a4f713980891f0a5fc98992a36fb3dcbc9e8777
    git: https://github.com/codedownio/beam.git
    name: beam-postgres
    pantry-tree:
      sha256: 71a3806b0f9ecaf3505cbe6716d4684367bc41bad74b2a11c0e69c4160ebbdc4
      size: 2597
    subdir: beam-postgres
    version: 0.5.3.1
  original:
    commit: 7a4f713980891f0a5fc98992a36fb3dcbc9e8777
    git: https://github.com/codedownio/beam.git
    subdir: beam-postgres
- completed:
    commit: 7a4f713980891f0a5fc98992a36fb3dcbc9e8777
    git: https://github.com/codedownio/beam.git
    name: beam-sqlite
    pantry-tree:
      sha256: 044113e0c1f1ab387a1f68f8a4f97e5c9160ad2326083fd22c4d690d94415c0e
      size: 1229
    subdir: beam-sqlite
    version: 0.5.3.0
  original:
    commit: 7a4f713980891f0a5fc98992a36fb3dcbc9e8777
    git: https://github.com/codedownio/beam.git
    subdir: beam-sqlite
snapshots:
- completed:
    sha256: 6f0bea3ba5b07360f25bc886e8cff8d847767557a492a6f7f6dcb06e3cc79ee9
    size: 712905
    url: https://raw.githubusercontent.com/commercialhaskell/stackage-snapshots/master/lts/22/13.yaml
  original: lts-22.13
